{
  "requires": true,
  "lockfileVersion": 1,
  "dependencies": {
    "standards": {
      "version": "0.1.0",
      "resolved": "https://registry.npmjs.org/standards/-/standards-0.1.0.tgz",
      "integrity": "sha512-DPwV/9sAzAvYaVS9eTiJVhoGOCpOXbbejfbHVrjxIgVqZzoDbUWK25kfMmZaTqAVdntoSqsJdfZ3LMjpdheNIw=="
    }
  }
}
